
Microsoft Visual Studio Solution File, Format Version 12.00
# Visual Studio Version 17
VisualStudioVersion = 17.14.36408.4
MinimumVisualStudioVersion = 10.0.40219.1
Project("{FAE04EC0-301F-11D3-BF4B-00C04F79EFBC}") = "MyConcurrency", "MyConcurrency\MyConcurrency.csproj", "{9C72DDD5-E378-4968-A514-1AE9580CC521}"
EndProject
Project("{FAE04EC0-301F-11D3-BF4B-00C04F79EFBC}") = "ConcurrencyConsoleTest", "ConcurrencyConsoleTest\ConcurrencyConsoleTest.csproj", "{D5892137-7CB4-4688-88B8-F8FFC043E24F}"
EndProject
Global
	GlobalSection(SolutionConfigurationPlatforms) = preSolution
		Debug|Any CPU = Debug|Any CPU
		Release|Any CPU = Release|Any CPU
	EndGlobalSection
	GlobalSection(ProjectConfigurationPlatforms) = postSolution
		{9C72DDD5-E378-4968-A514-1AE9580CC521}.Debug|Any CPU.ActiveCfg = Debug|Any CPU
		{9C72DDD5-E378-4968-A514-1AE9580CC521}.Debug|Any CPU.Build.0 = Debug|Any CPU
		{9C72DDD5-E378-4968-A514-1AE9580CC521}.Release|Any CPU.ActiveCfg = Release|Any CPU
		{9C72DDD5-E378-4968-A514-1AE9580CC521}.Release|Any CPU.Build.0 = Release|Any CPU
		{D5892137-7CB4-4688-88B8-F8FFC043E24F}.Debug|Any CPU.ActiveCfg = Debug|Any CPU
		{D5892137-7CB4-4688-88B8-F8FFC043E24F}.Debug|Any CPU.Build.0 = Debug|Any CPU
		{D5892137-7CB4-4688-88B8-F8FFC043E24F}.Release|Any CPU.ActiveCfg = Release|Any CPU
		{D5892137-7CB4-4688-88B8-F8FFC043E24F}.Release|Any CPU.Build.0 = Release|Any CPU
	EndGlobalSection
	GlobalSection(SolutionProperties) = preSolution
		HideSolutionNode = FALSE
	EndGlobalSection
	GlobalSection(ExtensibilityGlobals) = postSolution
		SolutionGuid = {E85ACB04-FD4D-4ADF-8A93-B2A6D50BF039}
	EndGlobalSection
EndGlobal
